// !$*UTF8*$!
{
	archiveVersion = 1;
	classes = {
	};
	objectVersion = 52;
	objects = {

/* Begin PBXBuildFile section */
		051C3F752643E5BC004819CE /* SplashView.swift in Sources */ = {isa = PBXBuildFile; fileRef = 051C3F742643E5BC004819CE /* SplashView.swift */; };
		0580EDC52637263C00784C62 /* GreenCheckAppApp.swift in Sources */ = {isa = PBXBuildFile; fileRef = 0580EDC42637263C00784C62 /* GreenCheckAppApp.swift */; };
		0580EDC72637263C00784C62 /* ContentView.swift in Sources */ = {isa = PBXBuildFile; fileRef = 0580EDC62637263C00784C62 /* ContentView.swift */; };
		0580EDC92637263F00784C62 /* Assets.xcassets in Resources */ = {isa = PBXBuildFile; fileRef = 0580EDC82637263F00784C62 /* Assets.xcassets */; };
		0580EDCC2637263F00784C62 /* Preview Assets.xcassets in Resources */ = {isa = PBXBuildFile; fileRef = 0580EDCB2637263F00784C62 /* Preview Assets.xcassets */; };
		0580EDF526374D2C00784C62 /* CodeScanner in Frameworks */ = {isa = PBXBuildFile; productRef = 0580EDF426374D2C00784C62 /* CodeScanner */; };
		058DCBFC2640476000BCEBE3 /* InfoView.swift in Sources */ = {isa = PBXBuildFile; fileRef = 058DCBFB2640476000BCEBE3 /* InfoView.swift */; };
		058DCC12264071B600BCEBE3 /* ScanView.swift in Sources */ = {isa = PBXBuildFile; fileRef = 058DCC11264071B600BCEBE3 /* ScanView.swift */; };
		058DCC152640752900BCEBE3 /* AboutView.swift in Sources */ = {isa = PBXBuildFile; fileRef = 058DCC142640752900BCEBE3 /* AboutView.swift */; };
		05E966082640163700797D79 /* ValidationCore in Frameworks */ = {isa = PBXBuildFile; productRef = 05E966072640163700797D79 /* ValidationCore */; };
		05E966C326401A5400797D79 /* Author-Medium.otf in Resources */ = {isa = PBXBuildFile; fileRef = 05E966B726401A5300797D79 /* Author-Medium.otf */; };
		05E966C426401A5400797D79 /* Author-Bold.otf in Resources */ = {isa = PBXBuildFile; fileRef = 05E966B826401A5300797D79 /* Author-Bold.otf */; };
		05E966C726401A5400797D79 /* Author-SemiboldItalic.otf in Resources */ = {isa = PBXBuildFile; fileRef = 05E966BB26401A5300797D79 /* Author-SemiboldItalic.otf */; };
		05E966CC26401A5400797D79 /* Author-Regular.otf in Resources */ = {isa = PBXBuildFile; fileRef = 05E966C026401A5400797D79 /* Author-Regular.otf */; };
		05E966CD26401A5400797D79 /* Author-Semibold.otf in Resources */ = {isa = PBXBuildFile; fileRef = 05E966C126401A5400797D79 /* Author-Semibold.otf */; };
/* End PBXBuildFile section */

/* Begin PBXFileReference section */
		051C3F742643E5BC004819CE /* SplashView.swift */ = {isa = PBXFileReference; lastKnownFileType = sourcecode.swift; path = SplashView.swift; sourceTree = "<group>"; };
		0580EDC12637263C00784C62 /* GreenCheckApp.app */ = {isa = PBXFileReference; explicitFileType = wrapper.application; includeInIndex = 0; path = GreenCheckApp.app; sourceTree = BUILT_PRODUCTS_DIR; };
		0580EDC42637263C00784C62 /* GreenCheckAppApp.swift */ = {isa = PBXFileReference; lastKnownFileType = sourcecode.swift; path = GreenCheckAppApp.swift; sourceTree = "<group>"; };
		0580EDC62637263C00784C62 /* ContentView.swift */ = {isa = PBXFileReference; lastKnownFileType = sourcecode.swift; path = ContentView.swift; sourceTree = "<group>"; };
		0580EDC82637263F00784C62 /* Assets.xcassets */ = {isa = PBXFileReference; lastKnownFileType = folder.assetcatalog; path = Assets.xcassets; sourceTree = "<group>"; };
		0580EDCB2637263F00784C62 /* Preview Assets.xcassets */ = {isa = PBXFileReference; lastKnownFileType = folder.assetcatalog; path = "Preview Assets.xcassets"; sourceTree = "<group>"; };
		0580EDD22637263F00784C62 /* Info.plist */ = {isa = PBXFileReference; lastKnownFileType = text.plist.xml; path = Info.plist; sourceTree = "<group>"; };
		058DCBFB2640476000BCEBE3 /* InfoView.swift */ = {isa = PBXFileReference; lastKnownFileType = sourcecode.swift; path = InfoView.swift; sourceTree = "<group>"; };
		058DCC11264071B600BCEBE3 /* ScanView.swift */ = {isa = PBXFileReference; lastKnownFileType = sourcecode.swift; path = ScanView.swift; sourceTree = "<group>"; };
		058DCC142640752900BCEBE3 /* AboutView.swift */ = {isa = PBXFileReference; lastKnownFileType = sourcecode.swift; path = AboutView.swift; sourceTree = "<group>"; };
		05E966B726401A5300797D79 /* Author-Medium.otf */ = {isa = PBXFileReference; lastKnownFileType = file; path = "Author-Medium.otf"; sourceTree = "<group>"; };
		05E966B826401A5300797D79 /* Author-Bold.otf */ = {isa = PBXFileReference; lastKnownFileType = file; path = "Author-Bold.otf"; sourceTree = "<group>"; };
		05E966BB26401A5300797D79 /* Author-SemiboldItalic.otf */ = {isa = PBXFileReference; lastKnownFileType = file; path = "Author-SemiboldItalic.otf"; sourceTree = "<group>"; };
		05E966C026401A5400797D79 /* Author-Regular.otf */ = {isa = PBXFileReference; lastKnownFileType = file; path = "Author-Regular.otf"; sourceTree = "<group>"; };
		05E966C126401A5400797D79 /* Author-Semibold.otf */ = {isa = PBXFileReference; lastKnownFileType = file; path = "Author-Semibold.otf"; sourceTree = "<group>"; };
/* End PBXFileReference section */

/* Begin PBXFrameworksBuildPhase section */
		0580EDBE2637263C00784C62 /* Frameworks */ = {
			isa = PBXFrameworksBuildPhase;
			buildActionMask = 2147483647;
			files = (
				05E966082640163700797D79 /* ValidationCore in Frameworks */,
				0580EDF526374D2C00784C62 /* CodeScanner in Frameworks */,
			);
			runOnlyForDeploymentPostprocessing = 0;
		};
/* End PBXFrameworksBuildPhase section */

/* Begin PBXGroup section */
		05394479264014E300F91264 /* Frameworks */ = {
			isa = PBXGroup;
			children = (
			);
			name = Frameworks;
			sourceTree = "<group>";
		};
		0580EDB82637263C00784C62 = {
			isa = PBXGroup;
			children = (
				0580EDC32637263C00784C62 /* GreenCheckApp */,
				0580EDC22637263C00784C62 /* Products */,
				05394479264014E300F91264 /* Frameworks */,
			);
			sourceTree = "<group>";
		};
		0580EDC22637263C00784C62 /* Products */ = {
			isa = PBXGroup;
			children = (
				0580EDC12637263C00784C62 /* GreenCheckApp.app */,
			);
			name = Products;
			sourceTree = "<group>";
		};
		0580EDC32637263C00784C62 /* GreenCheckApp */ = {
			isa = PBXGroup;
			children = (
				0580EDC42637263C00784C62 /* GreenCheckAppApp.swift */,
				0580EDC62637263C00784C62 /* ContentView.swift */,
				058DCC11264071B600BCEBE3 /* ScanView.swift */,
				051C3F742643E5BC004819CE /* SplashView.swift */,
				058DCC142640752900BCEBE3 /* AboutView.swift */,
				058DCBFB2640476000BCEBE3 /* InfoView.swift */,
				0580EDC82637263F00784C62 /* Assets.xcassets */,
				0580EDD22637263F00784C62 /* Info.plist */,
				05E966B326401A1A00797D79 /* Fonts */,
				0580EDCA2637263F00784C62 /* Preview Content */,
			);
			path = GreenCheckApp;
			sourceTree = "<group>";
		};
		0580EDCA2637263F00784C62 /* Preview Content */ = {
			isa = PBXGroup;
			children = (
				0580EDCB2637263F00784C62 /* Preview Assets.xcassets */,
			);
			path = "Preview Content";
			sourceTree = "<group>";
		};
		05E966B326401A1A00797D79 /* Fonts */ = {
			isa = PBXGroup;
			children = (
				05E966B826401A5300797D79 /* Author-Bold.otf */,
				05E966B726401A5300797D79 /* Author-Medium.otf */,
				05E966C026401A5400797D79 /* Author-Regular.otf */,
				05E966C126401A5400797D79 /* Author-Semibold.otf */,
				05E966BB26401A5300797D79 /* Author-SemiboldItalic.otf */,
			);
			path = Fonts;
			sourceTree = "<group>";
		};
/* End PBXGroup section */

/* Begin PBXNativeTarget section */
		0580EDC02637263C00784C62 /* GreenCheckApp */ = {
			isa = PBXNativeTarget;
			buildConfigurationList = 0580EDD52637263F00784C62 /* Build configuration list for PBXNativeTarget "GreenCheckApp" */;
			buildPhases = (
				0580EDBD2637263C00784C62 /* Sources */,
				0580EDBE2637263C00784C62 /* Frameworks */,
				0580EDBF2637263C00784C62 /* Resources */,
			);
			buildRules = (
			);
			dependencies = (
			);
			name = GreenCheckApp;
			packageProductDependencies = (
				0580EDF426374D2C00784C62 /* CodeScanner */,
				05E966072640163700797D79 /* ValidationCore */,
			);
			productName = GreenCheckApp;
			productReference = 0580EDC12637263C00784C62 /* GreenCheckApp.app */;
			productType = "com.apple.product-type.application";
		};
/* End PBXNativeTarget section */

/* Begin PBXProject section */
		0580EDB92637263C00784C62 /* Project object */ = {
			isa = PBXProject;
			attributes = {
				LastSwiftUpdateCheck = 1220;
				LastUpgradeCheck = 1220;
				TargetAttributes = {
					0580EDC02637263C00784C62 = {
						CreatedOnToolsVersion = 12.2;
					};
				};
			};
			buildConfigurationList = 0580EDBC2637263C00784C62 /* Build configuration list for PBXProject "GreenCheckApp" */;
			compatibilityVersion = "Xcode 9.3";
			developmentRegion = en;
			hasScannedForEncodings = 0;
			knownRegions = (
				en,
				Base,
			);
			mainGroup = 0580EDB82637263C00784C62;
			packageReferences = (
				0580EDF326374D2C00784C62 /* XCRemoteSwiftPackageReference "CodeScanner" */,
				05E966062640163700797D79 /* XCRemoteSwiftPackageReference "ValidationCore" */,
			);
			productRefGroup = 0580EDC22637263C00784C62 /* Products */;
			projectDirPath = "";
			projectRoot = "";
			targets = (
				0580EDC02637263C00784C62 /* GreenCheckApp */,
			);
		};
/* End PBXProject section */

/* Begin PBXResourcesBuildPhase section */
		0580EDBF2637263C00784C62 /* Resources */ = {
			isa = PBXResourcesBuildPhase;
			buildActionMask = 2147483647;
			files = (
				05E966CC26401A5400797D79 /* Author-Regular.otf in Resources */,
				0580EDCC2637263F00784C62 /* Preview Assets.xcassets in Resources */,
				05E966C326401A5400797D79 /* Author-Medium.otf in Resources */,
				05E966C426401A5400797D79 /* Author-Bold.otf in Resources */,
				05E966C726401A5400797D79 /* Author-SemiboldItalic.otf in Resources */,
				05E966CD26401A5400797D79 /* Author-Semibold.otf in Resources */,
				0580EDC92637263F00784C62 /* Assets.xcassets in Resources */,
			);
			runOnlyForDeploymentPostprocessing = 0;
		};
/* End PBXResourcesBuildPhase section */

/* Begin PBXSourcesBuildPhase section */
		0580EDBD2637263C00784C62 /* Sources */ = {
			isa = PBXSourcesBuildPhase;
			buildActionMask = 2147483647;
			files = (
				058DCC152640752900BCEBE3 /* AboutView.swift in Sources */,
				0580EDC72637263C00784C62 /* ContentView.swift in Sources */,
				058DCBFC2640476000BCEBE3 /* InfoView.swift in Sources */,
				0580EDC52637263C00784C62 /* GreenCheckAppApp.swift in Sources */,
				058DCC12264071B600BCEBE3 /* ScanView.swift in Sources */,
				051C3F752643E5BC004819CE /* SplashView.swift in Sources */,
			);
			runOnlyForDeploymentPostprocessing = 0;
		};
/* End PBXSourcesBuildPhase section */

/* Begin XCBuildConfiguration section */
		0580EDD32637263F00784C62 /* Debug */ = {
			isa = XCBuildConfiguration;
			buildSettings = {
				ALWAYS_SEARCH_USER_PATHS = NO;
				CLANG_ANALYZER_NONNULL = YES;
				CLANG_ANALYZER_NUMBER_OBJECT_CONVERSION = YES_AGGRESSIVE;
				CLANG_CXX_LANGUAGE_STANDARD = "gnu++14";
				CLANG_CXX_LIBRARY = "libc++";
				CLANG_ENABLE_MODULES = YES;
				CLANG_ENABLE_OBJC_ARC = YES;
				CLANG_ENABLE_OBJC_WEAK = YES;
				CLANG_WARN_BLOCK_CAPTURE_AUTORELEASING = YES;
				CLANG_WARN_BOOL_CONVERSION = YES;
				CLANG_WARN_COMMA = YES;
				CLANG_WARN_CONSTANT_CONVERSION = YES;
				CLANG_WARN_DEPRECATED_OBJC_IMPLEMENTATIONS = YES;
				CLANG_WARN_DIRECT_OBJC_ISA_USAGE = YES_ERROR;
				CLANG_WARN_DOCUMENTATION_COMMENTS = YES;
				CLANG_WARN_EMPTY_BODY = YES;
				CLANG_WARN_ENUM_CONVERSION = YES;
				CLANG_WARN_INFINITE_RECURSION = YES;
				CLANG_WARN_INT_CONVERSION = YES;
				CLANG_WARN_NON_LITERAL_NULL_CONVERSION = YES;
				CLANG_WARN_OBJC_IMPLICIT_RETAIN_SELF = YES;
				CLANG_WARN_OBJC_LITERAL_CONVERSION = YES;
				CLANG_WARN_OBJC_ROOT_CLASS = YES_ERROR;
				CLANG_WARN_QUOTED_INCLUDE_IN_FRAMEWORK_HEADER = YES;
				CLANG_WARN_RANGE_LOOP_ANALYSIS = YES;
				CLANG_WARN_STRICT_PROTOTYPES = YES;
				CLANG_WARN_SUSPICIOUS_MOVE = YES;
				CLANG_WARN_UNGUARDED_AVAILABILITY = YES_AGGRESSIVE;
				CLANG_WARN_UNREACHABLE_CODE = YES;
				CLANG_WARN__DUPLICATE_METHOD_MATCH = YES;
				COPY_PHASE_STRIP = NO;
				DEBUG_INFORMATION_FORMAT = dwarf;
				ENABLE_STRICT_OBJC_MSGSEND = YES;
				ENABLE_TESTABILITY = YES;
				GCC_C_LANGUAGE_STANDARD = gnu11;
				GCC_DYNAMIC_NO_PIC = NO;
				GCC_NO_COMMON_BLOCKS = YES;
				GCC_OPTIMIZATION_LEVEL = 0;
				GCC_PREPROCESSOR_DEFINITIONS = (
					"DEBUG=1",
					"$(inherited)",
				);
				GCC_WARN_64_TO_32_BIT_CONVERSION = YES;
				GCC_WARN_ABOUT_RETURN_TYPE = YES_ERROR;
				GCC_WARN_UNDECLARED_SELECTOR = YES;
				GCC_WARN_UNINITIALIZED_AUTOS = YES_AGGRESSIVE;
				GCC_WARN_UNUSED_FUNCTION = YES;
				GCC_WARN_UNUSED_VARIABLE = YES;
				IPHONEOS_DEPLOYMENT_TARGET = 14.2;
				MTL_ENABLE_DEBUG_INFO = INCLUDE_SOURCE;
				MTL_FAST_MATH = YES;
				ONLY_ACTIVE_ARCH = YES;
				SDKROOT = iphoneos;
				SWIFT_ACTIVE_COMPILATION_CONDITIONS = DEBUG;
				SWIFT_OPTIMIZATION_LEVEL = "-Onone";
			};
			name = Debug;
		};
		0580EDD42637263F00784C62 /* Release */ = {
			isa = XCBuildConfiguration;
			buildSettings = {
				ALWAYS_SEARCH_USER_PATHS = NO;
				CLANG_ANALYZER_NONNULL = YES;
				CLANG_ANALYZER_NUMBER_OBJECT_CONVERSION = YES_AGGRESSIVE;
				CLANG_CXX_LANGUAGE_STANDARD = "gnu++14";
				CLANG_CXX_LIBRARY = "libc++";
				CLANG_ENABLE_MODULES = YES;
				CLANG_ENABLE_OBJC_ARC = YES;
				CLANG_ENABLE_OBJC_WEAK = YES;
				CLANG_WARN_BLOCK_CAPTURE_AUTORELEASING = YES;
				CLANG_WARN_BOOL_CONVERSION = YES;
				CLANG_WARN_COMMA = YES;
				CLANG_WARN_CONSTANT_CONVERSION = YES;
				CLANG_WARN_DEPRECATED_OBJC_IMPLEMENTATIONS = YES;
				CLANG_WARN_DIRECT_OBJC_ISA_USAGE = YES_ERROR;
				CLANG_WARN_DOCUMENTATION_COMMENTS = YES;
				CLANG_WARN_EMPTY_BODY = YES;
				CLANG_WARN_ENUM_CONVERSION = YES;
				CLANG_WARN_INFINITE_RECURSION = YES;
				CLANG_WARN_INT_CONVERSION = YES;
				CLANG_WARN_NON_LITERAL_NULL_CONVERSION = YES;
				CLANG_WARN_OBJC_IMPLICIT_RETAIN_SELF = YES;
				CLANG_WARN_OBJC_LITERAL_CONVERSION = YES;
				CLANG_WARN_OBJC_ROOT_CLASS = YES_ERROR;
				CLANG_WARN_QUOTED_INCLUDE_IN_FRAMEWORK_HEADER = YES;
				CLANG_WARN_RANGE_LOOP_ANALYSIS = YES;
				CLANG_WARN_STRICT_PROTOTYPES = YES;
				CLANG_WARN_SUSPICIOUS_MOVE = YES;
				CLANG_WARN_UNGUARDED_AVAILABILITY = YES_AGGRESSIVE;
				CLANG_WARN_UNREACHABLE_CODE = YES;
				CLANG_WARN__DUPLICATE_METHOD_MATCH = YES;
				COPY_PHASE_STRIP = NO;
				DEBUG_INFORMATION_FORMAT = "dwarf-with-dsym";
				ENABLE_NS_ASSERTIONS = NO;
				ENABLE_STRICT_OBJC_MSGSEND = YES;
				GCC_C_LANGUAGE_STANDARD = gnu11;
				GCC_NO_COMMON_BLOCKS = YES;
				GCC_WARN_64_TO_32_BIT_CONVERSION = YES;
				GCC_WARN_ABOUT_RETURN_TYPE = YES_ERROR;
				GCC_WARN_UNDECLARED_SELECTOR = YES;
				GCC_WARN_UNINITIALIZED_AUTOS = YES_AGGRESSIVE;
				GCC_WARN_UNUSED_FUNCTION = YES;
				GCC_WARN_UNUSED_VARIABLE = YES;
				IPHONEOS_DEPLOYMENT_TARGET = 14.2;
				MTL_ENABLE_DEBUG_INFO = NO;
				MTL_FAST_MATH = YES;
				SDKROOT = iphoneos;
				SWIFT_COMPILATION_MODE = wholemodule;
				SWIFT_OPTIMIZATION_LEVEL = "-O";
				VALIDATE_PRODUCT = YES;
			};
			name = Release;
		};
		0580EDD62637263F00784C62 /* Debug */ = {
			isa = XCBuildConfiguration;
			buildSettings = {
				ASSETCATALOG_COMPILER_APPICON_NAME = AppIcon;
				ASSETCATALOG_COMPILER_GLOBAL_ACCENT_COLOR_NAME = AccentColor;
				CODE_SIGN_STYLE = Automatic;
				CURRENT_PROJECT_VERSION = 1.72;
				DEVELOPMENT_ASSET_PATHS = "\"GreenCheckApp/Preview Content\"";
				DEVELOPMENT_TEAM = 43D2X95HPK;
				ENABLE_PREVIEWS = YES;
				INFOPLIST_FILE = GreenCheckApp/Info.plist;
				IPHONEOS_DEPLOYMENT_TARGET = 14.0;
				LD_RUNPATH_SEARCH_PATHS = (
					"$(inherited)",
					"@executable_path/Frameworks",
				);
				MARKETING_VERSION = 1.72;
				PRODUCT_BUNDLE_IDENTIFIER = at.moon.GreenCheckApp;
				PRODUCT_NAME = "$(TARGET_NAME)";
				SWIFT_VERSION = 5.0;
				TARGETED_DEVICE_FAMILY = 1;
			};
			name = Debug;
		};
		0580EDD72637263F00784C62 /* Release */ = {
			isa = XCBuildConfiguration;
			buildSettings = {
				ASSETCATALOG_COMPILER_APPICON_NAME = AppIcon;
				ASSETCATALOG_COMPILER_GLOBAL_ACCENT_COLOR_NAME = AccentColor;
				CODE_SIGN_STYLE = Automatic;
				CURRENT_PROJECT_VERSION = 1.72;
				DEVELOPMENT_ASSET_PATHS = "\"GreenCheckApp/Preview Content\"";
				DEVELOPMENT_TEAM = 43D2X95HPK;
				ENABLE_PREVIEWS = YES;
				INFOPLIST_FILE = GreenCheckApp/Info.plist;
				IPHONEOS_DEPLOYMENT_TARGET = 14.0;
				LD_RUNPATH_SEARCH_PATHS = (
					"$(inherited)",
					"@executable_path/Frameworks",
				);
				MARKETING_VERSION = 1.72;
				PRODUCT_BUNDLE_IDENTIFIER = at.moon.GreenCheckApp;
				PRODUCT_NAME = "$(TARGET_NAME)";
				SWIFT_VERSION = 5.0;
				TARGETED_DEVICE_FAMILY = 1;
			};
			name = Release;
		};
/* End XCBuildConfiguration section */

/* Begin XCConfigurationList section */
		0580EDBC2637263C00784C62 /* Build configuration list for PBXProject "GreenCheckApp" */ = {
			isa = XCConfigurationList;
			buildConfigurations = (
				0580EDD32637263F00784C62 /* Debug */,
				0580EDD42637263F00784C62 /* Release */,
			);
			defaultConfigurationIsVisible = 0;
			defaultConfigurationName = Release;
		};
		0580EDD52637263F00784C62 /* Build configuration list for PBXNativeTarget "GreenCheckApp" */ = {
			isa = XCConfigurationList;
			buildConfigurations = (
				0580EDD62637263F00784C62 /* Debug */,
				0580EDD72637263F00784C62 /* Release */,
			);
			defaultConfigurationIsVisible = 0;
			defaultConfigurationName = Release;
		};
/* End XCConfigurationList section */

/* Begin XCRemoteSwiftPackageReference section */
		0580EDF326374D2C00784C62 /* XCRemoteSwiftPackageReference "CodeScanner" */ = {
			isa = XCRemoteSwiftPackageReference;
			repositoryURL = "https://github.com/twostraws/CodeScanner";
			requirement = {
				kind = upToNextMajorVersion;
				minimumVersion = 1.0.7;
			};
		};
		05E966062640163700797D79 /* XCRemoteSwiftPackageReference "ValidationCore" */ = {
			isa = XCRemoteSwiftPackageReference;
			repositoryURL = "git@github.com:flobauer/ValidationCore.git";
			requirement = {
				branch = main;
				kind = branch;
			};
		};
/* End XCRemoteSwiftPackageReference section */

/* Begin XCSwiftPackageProductDependency section */
		0580EDF426374D2C00784C62 /* CodeScanner */ = {
			isa = XCSwiftPackageProductDependency;
			package = 0580EDF326374D2C00784C62 /* XCRemoteSwiftPackageReference "CodeScanner" */;
			productName = CodeScanner;
		};
		05E966072640163700797D79 /* ValidationCore */ = {
			isa = XCSwiftPackageProductDependency;
			package = 05E966062640163700797D79 /* XCRemoteSwiftPackageReference "ValidationCore" */;
			productName = ValidationCore;
		};
/* End XCSwiftPackageProductDependency section */
	};
	rootObject = 0580EDB92637263C00784C62 /* Project object */;
}
